{
  "name": "num-ops",
  "version": "1.0.1",
  "lockfileVersion": 3,
  "requires": true,
  "packages": {
    "": {
      "name": "num-ops",
      "version": "1.0.1",
      "license": "MIT",
      "dependencies": {
        "num-ops": "^1.0.1"
      }
    },
    "node_modules/num-ops": {
      "version": "1.0.1",
      "resolved": "https://registry.npmjs.org/num-ops/-/num-ops-1.0.1.tgz",
      "integrity": "sha512-H4UWgoL0NmZFBLe2O3RctsQQ5rueXEzLwzhkqQbvhhv4qzueUZvyBeypCPBGTh2Mcid9KFtjdCaJ4P6WoETYwg=="
    }
  }
}
